// !$*UTF8*$!
{
	archiveVersion = 1;
	classes = {
	};
	objectVersion = 50;
	objects = {

/* Begin PBXBuildFile section */
		0F362DA6233D9F3000CE2CE6 /* SlowKit.framework in Frameworks */ = {isa = PBXBuildFile; fileRef = 0F362D9C233D9F3000CE2CE6 /* SlowKit.framework */; };
		0F362E35233DA87F00CE2CE6 /* AssociatedObjectsTests.swift in Sources */ = {isa = PBXBuildFile; fileRef = 0F362E1F233DA87E00CE2CE6 /* AssociatedObjectsTests.swift */; };
		0F362E36233DA87F00CE2CE6 /* EventTests.swift in Sources */ = {isa = PBXBuildFile; fileRef = 0F362E20233DA87E00CE2CE6 /* EventTests.swift */; };
		0F362E37233DA87F00CE2CE6 /* ContainerTestData.swift in Sources */ = {isa = PBXBuildFile; fileRef = 0F362E23233DA87E00CE2CE6 /* ContainerTestData.swift */; };
		0F362E38233DA87F00CE2CE6 /* LogMock.swift in Sources */ = {isa = PBXBuildFile; fileRef = 0F362E24233DA87E00CE2CE6 /* LogMock.swift */; };
		0F362E39233DA87F00CE2CE6 /* ContainerTests.Events.swift in Sources */ = {isa = PBXBuildFile; fileRef = 0F362E25233DA87E00CE2CE6 /* ContainerTests.Events.swift */; };
		0F362E3A233DA87F00CE2CE6 /* ContainerTests.SimpleResolve.swift in Sources */ = {isa = PBXBuildFile; fileRef = 0F362E26233DA87E00CE2CE6 /* ContainerTests.SimpleResolve.swift */; };
		0F362E3B233DA87F00CE2CE6 /* ContainerTests.ResolveByName.swift in Sources */ = {isa = PBXBuildFile; fileRef = 0F362E27233DA87E00CE2CE6 /* ContainerTests.ResolveByName.swift */; };
		0F362E3C233DA87F00CE2CE6 /* ContainerTests.RegisterAs.swift in Sources */ = {isa = PBXBuildFile; fileRef = 0F362E28233DA87E00CE2CE6 /* ContainerTests.RegisterAs.swift */; };
		0F362E3D233DA87F00CE2CE6 /* ContainerTests.Loging.swift in Sources */ = {isa = PBXBuildFile; fileRef = 0F362E29233DA87E00CE2CE6 /* ContainerTests.Loging.swift */; };
		0F362E3E233DA87F00CE2CE6 /* ContainerTests.ContainsAndUnregister.swift in Sources */ = {isa = PBXBuildFile; fileRef = 0F362E2A233DA87E00CE2CE6 /* ContainerTests.ContainsAndUnregister.swift */; };
		0F362E3F233DA87F00CE2CE6 /* ContainerTests.Shortcuts.swift in Sources */ = {isa = PBXBuildFile; fileRef = 0F362E2B233DA87E00CE2CE6 /* ContainerTests.Shortcuts.swift */; };
		0F362E40233DA87F00CE2CE6 /* ContainerExamples.swift in Sources */ = {isa = PBXBuildFile; fileRef = 0F362E2C233DA87E00CE2CE6 /* ContainerExamples.swift */; };
		0F362E41233DA87F00CE2CE6 /* ContainerTests.Retaining.swift in Sources */ = {isa = PBXBuildFile; fileRef = 0F362E2D233DA87F00CE2CE6 /* ContainerTests.Retaining.swift */; };
		0F362E42233DA87F00CE2CE6 /* MVVMTestData.swift in Sources */ = {isa = PBXBuildFile; fileRef = 0F362E30233DA87F00CE2CE6 /* MVVMTestData.swift */; };
		0F362E43233DA87F00CE2CE6 /* CommandsTests.UISegmentedControl.swift in Sources */ = {isa = PBXBuildFile; fileRef = 0F362E31233DA87F00CE2CE6 /* CommandsTests.UISegmentedControl.swift */; };
		0F362E44233DA87F00CE2CE6 /* CommandsTests.UIButton.swift in Sources */ = {isa = PBXBuildFile; fileRef = 0F362E32233DA87F00CE2CE6 /* CommandsTests.UIButton.swift */; };
		0F362E45233DA87F00CE2CE6 /* ViewControllerTests.swift in Sources */ = {isa = PBXBuildFile; fileRef = 0F362E33233DA87F00CE2CE6 /* ViewControllerTests.swift */; };
		0F362E46233DA87F00CE2CE6 /* NotificationServiceTests.swift in Sources */ = {isa = PBXBuildFile; fileRef = 0F362E34233DA87F00CE2CE6 /* NotificationServiceTests.swift */; };
		0F362E8E233DADC300CE2CE6 /* Messages.swift in Sources */ = {isa = PBXBuildFile; fileRef = 0F362E48233DADC300CE2CE6 /* Messages.swift */; };
		0F362E8F233DADC300CE2CE6 /* IContainer.swift in Sources */ = {isa = PBXBuildFile; fileRef = 0F362E49233DADC300CE2CE6 /* IContainer.swift */; };
		0F362E90233DADC300CE2CE6 /* INeedArguments.swift in Sources */ = {isa = PBXBuildFile; fileRef = 0F362E4A233DADC300CE2CE6 /* INeedArguments.swift */; };
		0F362E91233DADC300CE2CE6 /* InstanceScope.swift in Sources */ = {isa = PBXBuildFile; fileRef = 0F362E4B233DADC300CE2CE6 /* InstanceScope.swift */; };
		0F362E92233DADC300CE2CE6 /* IContainer.Shortcuts.swift in Sources */ = {isa = PBXBuildFile; fileRef = 0F362E4C233DADC300CE2CE6 /* IContainer.Shortcuts.swift */; };
		0F362E93233DADC300CE2CE6 /* ContainerEntryBuilder.swift in Sources */ = {isa = PBXBuildFile; fileRef = 0F362E4D233DADC300CE2CE6 /* ContainerEntryBuilder.swift */; };
		0F362E94233DADC300CE2CE6 /* ContainerEntry.swift in Sources */ = {isa = PBXBuildFile; fileRef = 0F362E4E233DADC300CE2CE6 /* ContainerEntry.swift */; };
		0F362E95233DADC300CE2CE6 /* Container.swift in Sources */ = {isa = PBXBuildFile; fileRef = 0F362E4F233DADC300CE2CE6 /* Container.swift */; };
		0F362E96233DADC300CE2CE6 /* IResolver.swift in Sources */ = {isa = PBXBuildFile; fileRef = 0F362E50233DADC300CE2CE6 /* IResolver.swift */; };
		0F362E97233DADC300CE2CE6 /* IHaveEmptyInit.swift in Sources */ = {isa = PBXBuildFile; fileRef = 0F362E51233DADC300CE2CE6 /* IHaveEmptyInit.swift */; };
		0F362E98233DADC300CE2CE6 /* ContainerEntryKey.swift in Sources */ = {isa = PBXBuildFile; fileRef = 0F362E52233DADC300CE2CE6 /* ContainerEntryKey.swift */; };
		0F362E99233DADC300CE2CE6 /* ILog.swift in Sources */ = {isa = PBXBuildFile; fileRef = 0F362E54233DADC300CE2CE6 /* ILog.swift */; };
		0F362E9A233DADC300CE2CE6 /* Logger.swift in Sources */ = {isa = PBXBuildFile; fileRef = 0F362E55233DADC300CE2CE6 /* Logger.swift */; };
		0F362E9B233DADC300CE2CE6 /* ConsoleLog.swift in Sources */ = {isa = PBXBuildFile; fileRef = 0F362E56233DADC300CE2CE6 /* ConsoleLog.swift */; };
		0F362E9C233DADC300CE2CE6 /* NilLog.swift in Sources */ = {isa = PBXBuildFile; fileRef = 0F362E57233DADC300CE2CE6 /* NilLog.swift */; };
		0F362E9D233DADC300CE2CE6 /* IContainerEntry.swift in Sources */ = {isa = PBXBuildFile; fileRef = 0F362E58233DADC300CE2CE6 /* IContainerEntry.swift */; };
		0F362E9E233DADC300CE2CE6 /* IContainerAutoCreate.swift in Sources */ = {isa = PBXBuildFile; fileRef = 0F362E59233DADC300CE2CE6 /* IContainerAutoCreate.swift */; };
		0F362E9F233DADC300CE2CE6 /* Factory.swift in Sources */ = {isa = PBXBuildFile; fileRef = 0F362E5A233DADC300CE2CE6 /* Factory.swift */; };
		0F362EA0233DADC300CE2CE6 /* IHaveViewModel.swift in Sources */ = {isa = PBXBuildFile; fileRef = 0F362E5C233DADC300CE2CE6 /* IHaveViewModel.swift */; };
		0F362EA1233DADC300CE2CE6 /* CellViewModelBase.swift in Sources */ = {isa = PBXBuildFile; fileRef = 0F362E5D233DADC300CE2CE6 /* CellViewModelBase.swift */; };
		0F362EA2233DADC300CE2CE6 /* ViewControllerBase.swift in Sources */ = {isa = PBXBuildFile; fileRef = 0F362E5E233DADC300CE2CE6 /* ViewControllerBase.swift */; };
		0F362EA3233DADC300CE2CE6 /* ViewModelBase.swift in Sources */ = {isa = PBXBuildFile; fileRef = 0F362E5F233DADC300CE2CE6 /* ViewModelBase.swift */; };
		0F362EA4233DADC300CE2CE6 /* IFromXib.swift in Sources */ = {isa = PBXBuildFile; fileRef = 0F362E60233DADC300CE2CE6 /* IFromXib.swift */; };
		0F362EA5233DADC300CE2CE6 /* ViewControllerViewModelBase.swift in Sources */ = {isa = PBXBuildFile; fileRef = 0F362E61233DADC300CE2CE6 /* ViewControllerViewModelBase.swift */; };
		0F362EA6233DADC300CE2CE6 /* BindableTableView.swift in Sources */ = {isa = PBXBuildFile; fileRef = 0F362E64233DADC300CE2CE6 /* BindableTableView.swift */; };
		0F362EA7233DADC300CE2CE6 /* BindableImageView.swift in Sources */ = {isa = PBXBuildFile; fileRef = 0F362E66233DADC300CE2CE6 /* BindableImageView.swift */; };
		0F362EA8233DADC300CE2CE6 /* BindableCollectionView.swift in Sources */ = {isa = PBXBuildFile; fileRef = 0F362E68233DADC300CE2CE6 /* BindableCollectionView.swift */; };
		0F362EA9233DADC300CE2CE6 /* ICellTemplateSelector.swift in Sources */ = {isa = PBXBuildFile; fileRef = 0F362E69233DADC300CE2CE6 /* ICellTemplateSelector.swift */; };
		0F362EAA233DADC300CE2CE6 /* DefaultCellTemplateSelector.swift in Sources */ = {isa = PBXBuildFile; fileRef = 0F362E6A233DADC300CE2CE6 /* DefaultCellTemplateSelector.swift */; };
		0F362EAB233DADC300CE2CE6 /* IDataSource.swift in Sources */ = {isa = PBXBuildFile; fileRef = 0F362E6B233DADC300CE2CE6 /* IDataSource.swift */; };
		0F362EAC233DADC300CE2CE6 /* BindableCollection.swift in Sources */ = {isa = PBXBuildFile; fileRef = 0F362E6C233DADC300CE2CE6 /* BindableCollection.swift */; };
		0F362EAD233DADC300CE2CE6 /* AnyCellTemplate.swift in Sources */ = {isa = PBXBuildFile; fileRef = 0F362E6E233DADC300CE2CE6 /* AnyCellTemplate.swift */; };
		0F362EAE233DADC300CE2CE6 /* CellNibTemplate.swift in Sources */ = {isa = PBXBuildFile; fileRef = 0F362E6F233DADC300CE2CE6 /* CellNibTemplate.swift */; };
		0F362EAF233DADC300CE2CE6 /* CellClassTemplate.swift in Sources */ = {isa = PBXBuildFile; fileRef = 0F362E70233DADC300CE2CE6 /* CellClassTemplate.swift */; };
		0F362EB0233DADC300CE2CE6 /* ICellTemplate.swift in Sources */ = {isa = PBXBuildFile; fileRef = 0F362E71233DADC300CE2CE6 /* ICellTemplate.swift */; };
		0F362EB1233DADC300CE2CE6 /* UIButton.Commands.swift in Sources */ = {isa = PBXBuildFile; fileRef = 0F362E73233DADC300CE2CE6 /* UIButton.Commands.swift */; };
		0F362EB2233DADC400CE2CE6 /* ActionToCommandAdapter.swift in Sources */ = {isa = PBXBuildFile; fileRef = 0F362E74233DADC300CE2CE6 /* ActionToCommandAdapter.swift */; };
		0F362EB3233DADC400CE2CE6 /* Command.swift in Sources */ = {isa = PBXBuildFile; fileRef = 0F362E75233DADC300CE2CE6 /* Command.swift */; };
		0F362EB4233DADC400CE2CE6 /* UISegmentedControl.Commands.swift in Sources */ = {isa = PBXBuildFile; fileRef = 0F362E76233DADC300CE2CE6 /* UISegmentedControl.Commands.swift */; };
		0F362EB5233DADC400CE2CE6 /* TableCellBase.swift in Sources */ = {isa = PBXBuildFile; fileRef = 0F362E77233DADC300CE2CE6 /* TableCellBase.swift */; };
		0F362EB6233DADC400CE2CE6 /* IPresenterService.swift in Sources */ = {isa = PBXBuildFile; fileRef = 0F362E7A233DADC300CE2CE6 /* IPresenterService.swift */; };
		0F362EB7233DADC400CE2CE6 /* PresenterServiceEntry.swift in Sources */ = {isa = PBXBuildFile; fileRef = 0F362E7B233DADC300CE2CE6 /* PresenterServiceEntry.swift */; };
		0F362EB8233DADC400CE2CE6 /* TransitioningDelegate.swift in Sources */ = {isa = PBXBuildFile; fileRef = 0F362E7C233DADC300CE2CE6 /* TransitioningDelegate.swift */; };
		0F362EB9233DADC400CE2CE6 /* PresenterServiceEntryBuilder.swift in Sources */ = {isa = PBXBuildFile; fileRef = 0F362E7D233DADC300CE2CE6 /* PresenterServiceEntryBuilder.swift */; };
		0F362EBA233DADC400CE2CE6 /* IViewControllerTypeSelector.swift in Sources */ = {isa = PBXBuildFile; fileRef = 0F362E7E233DADC300CE2CE6 /* IViewControllerTypeSelector.swift */; };
		0F362EBB233DADC400CE2CE6 /* ViewControllerDefaultTypeSelector.swift in Sources */ = {isa = PBXBuildFile; fileRef = 0F362E7F233DADC300CE2CE6 /* ViewControllerDefaultTypeSelector.swift */; };
		0F362EBC233DADC400CE2CE6 /* PresenterService.swift in Sources */ = {isa = PBXBuildFile; fileRef = 0F362E80233DADC300CE2CE6 /* PresenterService.swift */; };
		0F362EBD233DADC400CE2CE6 /* SubscriberEntry.swift in Sources */ = {isa = PBXBuildFile; fileRef = 0F362E82233DADC300CE2CE6 /* SubscriberEntry.swift */; };
		0F362EBE233DADC400CE2CE6 /* NotificationService.swift in Sources */ = {isa = PBXBuildFile; fileRef = 0F362E83233DADC300CE2CE6 /* NotificationService.swift */; };
		0F362EBF233DADC400CE2CE6 /* ISubscriberEntry.swift in Sources */ = {isa = PBXBuildFile; fileRef = 0F362E84233DADC300CE2CE6 /* ISubscriberEntry.swift */; };
		0F362EC0233DADC400CE2CE6 /* INotificationService.swift in Sources */ = {isa = PBXBuildFile; fileRef = 0F362E85233DADC300CE2CE6 /* INotificationService.swift */; };
		0F362EC1233DADC400CE2CE6 /* ViewBase.swift in Sources */ = {isa = PBXBuildFile; fileRef = 0F362E86233DADC300CE2CE6 /* ViewBase.swift */; };
		0F362EC2233DADC400CE2CE6 /* CollectionCellBase.swift in Sources */ = {isa = PBXBuildFile; fileRef = 0F362E87233DADC300CE2CE6 /* CollectionCellBase.swift */; };
		0F362EC3233DADC400CE2CE6 /* Event.swift in Sources */ = {isa = PBXBuildFile; fileRef = 0F362E89233DADC300CE2CE6 /* Event.swift */; };
		0F362EC4233DADC400CE2CE6 /* AssociationPolicy.swift in Sources */ = {isa = PBXBuildFile; fileRef = 0F362E8B233DADC300CE2CE6 /* AssociationPolicy.swift */; };
		0F362EC5233DADC400CE2CE6 /* IHaveAssociatedObject.swift in Sources */ = {isa = PBXBuildFile; fileRef = 0F362E8C233DADC300CE2CE6 /* IHaveAssociatedObject.swift */; };
		0F362EC6233DADC400CE2CE6 /* Weak.swift in Sources */ = {isa = PBXBuildFile; fileRef = 0F362E8D233DADC300CE2CE6 /* Weak.swift */; };
		0F362EC8233DB1AC00CE2CE6 /* ContainerTests.AutoCreate.swift in Sources */ = {isa = PBXBuildFile; fileRef = 0F362EC7233DB1AC00CE2CE6 /* ContainerTests.AutoCreate.swift */; };
		0F363643233DE5E500CE2CE6 /* ContainerTests.Factory.swift in Sources */ = {isa = PBXBuildFile; fileRef = 0F363642233DE5E500CE2CE6 /* ContainerTests.Factory.swift */; };
		0F363645233DE97200CE2CE6 /* ContainerTests.Arguments.swift in Sources */ = {isa = PBXBuildFile; fileRef = 0F363644233DE97200CE2CE6 /* ContainerTests.Arguments.swift */; };
/* End PBXBuildFile section */

/* Begin PBXContainerItemProxy section */
		0F362DA7233D9F3000CE2CE6 /* PBXContainerItemProxy */ = {
			isa = PBXContainerItemProxy;
			containerPortal = 0F362D93233D9F3000CE2CE6 /* Project object */;
			proxyType = 1;
			remoteGlobalIDString = 0F362D9B233D9F3000CE2CE6;
			remoteInfo = SlowKit;
		};
/* End PBXContainerItemProxy section */

/* Begin PBXFileReference section */
		0F362D9C233D9F3000CE2CE6 /* SlowKit.framework */ = {isa = PBXFileReference; explicitFileType = wrapper.framework; includeInIndex = 0; path = SlowKit.framework; sourceTree = BUILT_PRODUCTS_DIR; };
		0F362DA0233D9F3000CE2CE6 /* Info.plist */ = {isa = PBXFileReference; lastKnownFileType = text.plist.xml; path = Info.plist; sourceTree = "<group>"; };
		0F362DA5233D9F3000CE2CE6 /* SlowKitTests.xctest */ = {isa = PBXFileReference; explicitFileType = wrapper.cfbundle; includeInIndex = 0; path = SlowKitTests.xctest; sourceTree = BUILT_PRODUCTS_DIR; };
		0F362DAC233D9F3000CE2CE6 /* Info.plist */ = {isa = PBXFileReference; lastKnownFileType = text.plist.xml; path = Info.plist; sourceTree = "<group>"; };
		0F362E1F233DA87E00CE2CE6 /* AssociatedObjectsTests.swift */ = {isa = PBXFileReference; fileEncoding = 4; lastKnownFileType = sourcecode.swift; path = AssociatedObjectsTests.swift; sourceTree = "<group>"; };
		0F362E20233DA87E00CE2CE6 /* EventTests.swift */ = {isa = PBXFileReference; fileEncoding = 4; lastKnownFileType = sourcecode.swift; path = EventTests.swift; sourceTree = "<group>"; };
		0F362E23233DA87E00CE2CE6 /* ContainerTestData.swift */ = {isa = PBXFileReference; fileEncoding = 4; lastKnownFileType = sourcecode.swift; path = ContainerTestData.swift; sourceTree = "<group>"; };
		0F362E24233DA87E00CE2CE6 /* LogMock.swift */ = {isa = PBXFileReference; fileEncoding = 4; lastKnownFileType = sourcecode.swift; path = LogMock.swift; sourceTree = "<group>"; };
		0F362E25233DA87E00CE2CE6 /* ContainerTests.Events.swift */ = {isa = PBXFileReference; fileEncoding = 4; lastKnownFileType = sourcecode.swift; path = ContainerTests.Events.swift; sourceTree = "<group>"; };
		0F362E26233DA87E00CE2CE6 /* ContainerTests.SimpleResolve.swift */ = {isa = PBXFileReference; fileEncoding = 4; lastKnownFileType = sourcecode.swift; path = ContainerTests.SimpleResolve.swift; sourceTree = "<group>"; };
		0F362E27233DA87E00CE2CE6 /* ContainerTests.ResolveByName.swift */ = {isa = PBXFileReference; fileEncoding = 4; lastKnownFileType = sourcecode.swift; path = ContainerTests.ResolveByName.swift; sourceTree = "<group>"; };
		0F362E28233DA87E00CE2CE6 /* ContainerTests.RegisterAs.swift */ = {isa = PBXFileReference; fileEncoding = 4; lastKnownFileType = sourcecode.swift; path = ContainerTests.RegisterAs.swift; sourceTree = "<group>"; };
		0F362E29233DA87E00CE2CE6 /* ContainerTests.Loging.swift */ = {isa = PBXFileReference; fileEncoding = 4; lastKnownFileType = sourcecode.swift; path = ContainerTests.Loging.swift; sourceTree = "<group>"; };
		0F362E2A233DA87E00CE2CE6 /* ContainerTests.ContainsAndUnregister.swift */ = {isa = PBXFileReference; fileEncoding = 4; lastKnownFileType = sourcecode.swift; path = ContainerTests.ContainsAndUnregister.swift; sourceTree = "<group>"; };
		0F362E2B233DA87E00CE2CE6 /* ContainerTests.Shortcuts.swift */ = {isa = PBXFileReference; fileEncoding = 4; lastKnownFileType = sourcecode.swift; path = ContainerTests.Shortcuts.swift; sourceTree = "<group>"; };
		0F362E2C233DA87E00CE2CE6 /* ContainerExamples.swift */ = {isa = PBXFileReference; fileEncoding = 4; lastKnownFileType = sourcecode.swift; path = ContainerExamples.swift; sourceTree = "<group>"; };
		0F362E2D233DA87F00CE2CE6 /* ContainerTests.Retaining.swift */ = {isa = PBXFileReference; fileEncoding = 4; lastKnownFileType = sourcecode.swift; path = ContainerTests.Retaining.swift; sourceTree = "<group>"; };
		0F362E30233DA87F00CE2CE6 /* MVVMTestData.swift */ = {isa = PBXFileReference; fileEncoding = 4; lastKnownFileType = sourcecode.swift; path = MVVMTestData.swift; sourceTree = "<group>"; };
		0F362E31233DA87F00CE2CE6 /* CommandsTests.UISegmentedControl.swift */ = {isa = PBXFileReference; fileEncoding = 4; lastKnownFileType = sourcecode.swift; path = CommandsTests.UISegmentedControl.swift; sourceTree = "<group>"; };
		0F362E32233DA87F00CE2CE6 /* CommandsTests.UIButton.swift */ = {isa = PBXFileReference; fileEncoding = 4; lastKnownFileType = sourcecode.swift; path = CommandsTests.UIButton.swift; sourceTree = "<group>"; };
		0F362E33233DA87F00CE2CE6 /* ViewControllerTests.swift */ = {isa = PBXFileReference; fileEncoding = 4; lastKnownFileType = sourcecode.swift; path = ViewControllerTests.swift; sourceTree = "<group>"; };
		0F362E34233DA87F00CE2CE6 /* NotificationServiceTests.swift */ = {isa = PBXFileReference; fileEncoding = 4; lastKnownFileType = sourcecode.swift; path = NotificationServiceTests.swift; sourceTree = "<group>"; };
		0F362E48233DADC300CE2CE6 /* Messages.swift */ = {isa = PBXFileReference; fileEncoding = 4; lastKnownFileType = sourcecode.swift; path = Messages.swift; sourceTree = "<group>"; };
		0F362E49233DADC300CE2CE6 /* IContainer.swift */ = {isa = PBXFileReference; fileEncoding = 4; lastKnownFileType = sourcecode.swift; path = IContainer.swift; sourceTree = "<group>"; };
		0F362E4A233DADC300CE2CE6 /* INeedArguments.swift */ = {isa = PBXFileReference; fileEncoding = 4; lastKnownFileType = sourcecode.swift; path = INeedArguments.swift; sourceTree = "<group>"; };
		0F362E4B233DADC300CE2CE6 /* InstanceScope.swift */ = {isa = PBXFileReference; fileEncoding = 4; lastKnownFileType = sourcecode.swift; path = InstanceScope.swift; sourceTree = "<group>"; };
		0F362E4C233DADC300CE2CE6 /* IContainer.Shortcuts.swift */ = {isa = PBXFileReference; fileEncoding = 4; lastKnownFileType = sourcecode.swift; path = IContainer.Shortcuts.swift; sourceTree = "<group>"; };
		0F362E4D233DADC300CE2CE6 /* ContainerEntryBuilder.swift */ = {isa = PBXFileReference; fileEncoding = 4; lastKnownFileType = sourcecode.swift; path = ContainerEntryBuilder.swift; sourceTree = "<group>"; };
		0F362E4E233DADC300CE2CE6 /* ContainerEntry.swift */ = {isa = PBXFileReference; fileEncoding = 4; lastKnownFileType = sourcecode.swift; path = ContainerEntry.swift; sourceTree = "<group>"; };
		0F362E4F233DADC300CE2CE6 /* Container.swift */ = {isa = PBXFileReference; fileEncoding = 4; lastKnownFileType = sourcecode.swift; path = Container.swift; sourceTree = "<group>"; };
		0F362E50233DADC300CE2CE6 /* IResolver.swift */ = {isa = PBXFileReference; fileEncoding = 4; lastKnownFileType = sourcecode.swift; path = IResolver.swift; sourceTree = "<group>"; };
		0F362E51233DADC300CE2CE6 /* IHaveEmptyInit.swift */ = {isa = PBXFileReference; fileEncoding = 4; lastKnownFileType = sourcecode.swift; path = IHaveEmptyInit.swift; sourceTree = "<group>"; };
		0F362E52233DADC300CE2CE6 /* ContainerEntryKey.swift */ = {isa = PBXFileReference; fileEncoding = 4; lastKnownFileType = sourcecode.swift; path = ContainerEntryKey.swift; sourceTree = "<group>"; };
		0F362E54233DADC300CE2CE6 /* ILog.swift */ = {isa = PBXFileReference; fileEncoding = 4; lastKnownFileType = sourcecode.swift; path = ILog.swift; sourceTree = "<group>"; };
		0F362E55233DADC300CE2CE6 /* Logger.swift */ = {isa = PBXFileReference; fileEncoding = 4; lastKnownFileType = sourcecode.swift; path = Logger.swift; sourceTree = "<group>"; };
		0F362E56233DADC300CE2CE6 /* ConsoleLog.swift */ = {isa = PBXFileReference; fileEncoding = 4; lastKnownFileType = sourcecode.swift; path = ConsoleLog.swift; sourceTree = "<group>"; };
		0F362E57233DADC300CE2CE6 /* NilLog.swift */ = {isa = PBXFileReference; fileEncoding = 4; lastKnownFileType = sourcecode.swift; path = NilLog.swift; sourceTree = "<group>"; };
		0F362E58233DADC300CE2CE6 /* IContainerEntry.swift */ = {isa = PBXFileReference; fileEncoding = 4; lastKnownFileType = sourcecode.swift; path = IContainerEntry.swift; sourceTree = "<group>"; };
		0F362E59233DADC300CE2CE6 /* IContainerAutoCreate.swift */ = {isa = PBXFileReference; fileEncoding = 4; lastKnownFileType = sourcecode.swift; path = IContainerAutoCreate.swift; sourceTree = "<group>"; };
		0F362E5A233DADC300CE2CE6 /* Factory.swift */ = {isa = PBXFileReference; fileEncoding = 4; lastKnownFileType = sourcecode.swift; path = Factory.swift; sourceTree = "<group>"; };
		0F362E5C233DADC300CE2CE6 /* IHaveViewModel.swift */ = {isa = PBXFileReference; fileEncoding = 4; lastKnownFileType = sourcecode.swift; path = IHaveViewModel.swift; sourceTree = "<group>"; };
		0F362E5D233DADC300CE2CE6 /* CellViewModelBase.swift */ = {isa = PBXFileReference; fileEncoding = 4; lastKnownFileType = sourcecode.swift; path = CellViewModelBase.swift; sourceTree = "<group>"; };
		0F362E5E233DADC300CE2CE6 /* ViewControllerBase.swift */ = {isa = PBXFileReference; fileEncoding = 4; lastKnownFileType = sourcecode.swift; path = ViewControllerBase.swift; sourceTree = "<group>"; };
		0F362E5F233DADC300CE2CE6 /* ViewModelBase.swift */ = {isa = PBXFileReference; fileEncoding = 4; lastKnownFileType = sourcecode.swift; path = ViewModelBase.swift; sourceTree = "<group>"; };
		0F362E60233DADC300CE2CE6 /* IFromXib.swift */ = {isa = PBXFileReference; fileEncoding = 4; lastKnownFileType = sourcecode.swift; path = IFromXib.swift; sourceTree = "<group>"; };
		0F362E61233DADC300CE2CE6 /* ViewControllerViewModelBase.swift */ = {isa = PBXFileReference; fileEncoding = 4; lastKnownFileType = sourcecode.swift; path = ViewControllerViewModelBase.swift; sourceTree = "<group>"; };
		0F362E64233DADC300CE2CE6 /* BindableTableView.swift */ = {isa = PBXFileReference; fileEncoding = 4; lastKnownFileType = sourcecode.swift; path = BindableTableView.swift; sourceTree = "<group>"; };
		0F362E66233DADC300CE2CE6 /* BindableImageView.swift */ = {isa = PBXFileReference; fileEncoding = 4; lastKnownFileType = sourcecode.swift; path = BindableImageView.swift; sourceTree = "<group>"; };
		0F362E68233DADC300CE2CE6 /* BindableCollectionView.swift */ = {isa = PBXFileReference; fileEncoding = 4; lastKnownFileType = sourcecode.swift; path = BindableCollectionView.swift; sourceTree = "<group>"; };
		0F362E69233DADC300CE2CE6 /* ICellTemplateSelector.swift */ = {isa = PBXFileReference; fileEncoding = 4; lastKnownFileType = sourcecode.swift; path = ICellTemplateSelector.swift; sourceTree = "<group>"; };
		0F362E6A233DADC300CE2CE6 /* DefaultCellTemplateSelector.swift */ = {isa = PBXFileReference; fileEncoding = 4; lastKnownFileType = sourcecode.swift; path = DefaultCellTemplateSelector.swift; sourceTree = "<group>"; };
		0F362E6B233DADC300CE2CE6 /* IDataSource.swift */ = {isa = PBXFileReference; fileEncoding = 4; lastKnownFileType = sourcecode.swift; path = IDataSource.swift; sourceTree = "<group>"; };
		0F362E6C233DADC300CE2CE6 /* BindableCollection.swift */ = {isa = PBXFileReference; fileEncoding = 4; lastKnownFileType = sourcecode.swift; path = BindableCollection.swift; sourceTree = "<group>"; };
		0F362E6E233DADC300CE2CE6 /* AnyCellTemplate.swift */ = {isa = PBXFileReference; fileEncoding = 4; lastKnownFileType = sourcecode.swift; path = AnyCellTemplate.swift; sourceTree = "<group>"; };
		0F362E6F233DADC300CE2CE6 /* CellNibTemplate.swift */ = {isa = PBXFileReference; fileEncoding = 4; lastKnownFileType = sourcecode.swift; path = CellNibTemplate.swift; sourceTree = "<group>"; };
		0F362E70233DADC300CE2CE6 /* CellClassTemplate.swift */ = {isa = PBXFileReference; fileEncoding = 4; lastKnownFileType = sourcecode.swift; path = CellClassTemplate.swift; sourceTree = "<group>"; };
		0F362E71233DADC300CE2CE6 /* ICellTemplate.swift */ = {isa = PBXFileReference; fileEncoding = 4; lastKnownFileType = sourcecode.swift; path = ICellTemplate.swift; sourceTree = "<group>"; };
		0F362E73233DADC300CE2CE6 /* UIButton.Commands.swift */ = {isa = PBXFileReference; fileEncoding = 4; lastKnownFileType = sourcecode.swift; path = UIButton.Commands.swift; sourceTree = "<group>"; };
		0F362E74233DADC300CE2CE6 /* ActionToCommandAdapter.swift */ = {isa = PBXFileReference; fileEncoding = 4; lastKnownFileType = sourcecode.swift; path = ActionToCommandAdapter.swift; sourceTree = "<group>"; };
		0F362E75233DADC300CE2CE6 /* Command.swift */ = {isa = PBXFileReference; fileEncoding = 4; lastKnownFileType = sourcecode.swift; path = Command.swift; sourceTree = "<group>"; };
		0F362E76233DADC300CE2CE6 /* UISegmentedControl.Commands.swift */ = {isa = PBXFileReference; fileEncoding = 4; lastKnownFileType = sourcecode.swift; path = UISegmentedControl.Commands.swift; sourceTree = "<group>"; };
		0F362E77233DADC300CE2CE6 /* TableCellBase.swift */ = {isa = PBXFileReference; fileEncoding = 4; lastKnownFileType = sourcecode.swift; path = TableCellBase.swift; sourceTree = "<group>"; };
		0F362E7A233DADC300CE2CE6 /* IPresenterService.swift */ = {isa = PBXFileReference; fileEncoding = 4; lastKnownFileType = sourcecode.swift; path = IPresenterService.swift; sourceTree = "<group>"; };
		0F362E7B233DADC300CE2CE6 /* PresenterServiceEntry.swift */ = {isa = PBXFileReference; fileEncoding = 4; lastKnownFileType = sourcecode.swift; path = PresenterServiceEntry.swift; sourceTree = "<group>"; };
		0F362E7C233DADC300CE2CE6 /* TransitioningDelegate.swift */ = {isa = PBXFileReference; fileEncoding = 4; lastKnownFileType = sourcecode.swift; path = TransitioningDelegate.swift; sourceTree = "<group>"; };
		0F362E7D233DADC300CE2CE6 /* PresenterServiceEntryBuilder.swift */ = {isa = PBXFileReference; fileEncoding = 4; lastKnownFileType = sourcecode.swift; path = PresenterServiceEntryBuilder.swift; sourceTree = "<group>"; };
		0F362E7E233DADC300CE2CE6 /* IViewControllerTypeSelector.swift */ = {isa = PBXFileReference; fileEncoding = 4; lastKnownFileType = sourcecode.swift; path = IViewControllerTypeSelector.swift; sourceTree = "<group>"; };
		0F362E7F233DADC300CE2CE6 /* ViewControllerDefaultTypeSelector.swift */ = {isa = PBXFileReference; fileEncoding = 4; lastKnownFileType = sourcecode.swift; path = ViewControllerDefaultTypeSelector.swift; sourceTree = "<group>"; };
		0F362E80233DADC300CE2CE6 /* PresenterService.swift */ = {isa = PBXFileReference; fileEncoding = 4; lastKnownFileType = sourcecode.swift; path = PresenterService.swift; sourceTree = "<group>"; };
		0F362E82233DADC300CE2CE6 /* SubscriberEntry.swift */ = {isa = PBXFileReference; fileEncoding = 4; lastKnownFileType = sourcecode.swift; path = SubscriberEntry.swift; sourceTree = "<group>"; };
		0F362E83233DADC300CE2CE6 /* NotificationService.swift */ = {isa = PBXFileReference; fileEncoding = 4; lastKnownFileType = sourcecode.swift; path = NotificationService.swift; sourceTree = "<group>"; };
		0F362E84233DADC300CE2CE6 /* ISubscriberEntry.swift */ = {isa = PBXFileReference; fileEncoding = 4; lastKnownFileType = sourcecode.swift; path = ISubscriberEntry.swift; sourceTree = "<group>"; };
		0F362E85233DADC300CE2CE6 /* INotificationService.swift */ = {isa = PBXFileReference; fileEncoding = 4; lastKnownFileType = sourcecode.swift; path = INotificationService.swift; sourceTree = "<group>"; };
		0F362E86233DADC300CE2CE6 /* ViewBase.swift */ = {isa = PBXFileReference; fileEncoding = 4; lastKnownFileType = sourcecode.swift; path = ViewBase.swift; sourceTree = "<group>"; };
		0F362E87233DADC300CE2CE6 /* CollectionCellBase.swift */ = {isa = PBXFileReference; fileEncoding = 4; lastKnownFileType = sourcecode.swift; path = CollectionCellBase.swift; sourceTree = "<group>"; };
		0F362E89233DADC300CE2CE6 /* Event.swift */ = {isa = PBXFileReference; fileEncoding = 4; lastKnownFileType = sourcecode.swift; path = Event.swift; sourceTree = "<group>"; };
		0F362E8B233DADC300CE2CE6 /* AssociationPolicy.swift */ = {isa = PBXFileReference; fileEncoding = 4; lastKnownFileType = sourcecode.swift; path = AssociationPolicy.swift; sourceTree = "<group>"; };
		0F362E8C233DADC300CE2CE6 /* IHaveAssociatedObject.swift */ = {isa = PBXFileReference; fileEncoding = 4; lastKnownFileType = sourcecode.swift; path = IHaveAssociatedObject.swift; sourceTree = "<group>"; };
		0F362E8D233DADC300CE2CE6 /* Weak.swift */ = {isa = PBXFileReference; fileEncoding = 4; lastKnownFileType = sourcecode.swift; path = Weak.swift; sourceTree = "<group>"; };
		0F362EC7233DB1AC00CE2CE6 /* ContainerTests.AutoCreate.swift */ = {isa = PBXFileReference; lastKnownFileType = sourcecode.swift; path = ContainerTests.AutoCreate.swift; sourceTree = "<group>"; };
		0F363642233DE5E500CE2CE6 /* ContainerTests.Factory.swift */ = {isa = PBXFileReference; lastKnownFileType = sourcecode.swift; path = ContainerTests.Factory.swift; sourceTree = "<group>"; };
		0F363644233DE97200CE2CE6 /* ContainerTests.Arguments.swift */ = {isa = PBXFileReference; lastKnownFileType = sourcecode.swift; path = ContainerTests.Arguments.swift; sourceTree = "<group>"; };
/* End PBXFileReference section */

/* Begin PBXFrameworksBuildPhase section */
		0F362D99233D9F3000CE2CE6 /* Frameworks */ = {
			isa = PBXFrameworksBuildPhase;
			buildActionMask = 2147483647;
			files = (
			);
			runOnlyForDeploymentPostprocessing = 0;
		};
		0F362DA2233D9F3000CE2CE6 /* Frameworks */ = {
			isa = PBXFrameworksBuildPhase;
			buildActionMask = 2147483647;
			files = (
				0F362DA6233D9F3000CE2CE6 /* SlowKit.framework in Frameworks */,
			);
			runOnlyForDeploymentPostprocessing = 0;
		};
/* End PBXFrameworksBuildPhase section */

/* Begin PBXGroup section */
		0F362D92233D9F3000CE2CE6 = {
			isa = PBXGroup;
			children = (
				0F362D9E233D9F3000CE2CE6 /* SlowKit */,
				0F362DA9233D9F3000CE2CE6 /* SlowKitTests */,
				0F362D9D233D9F3000CE2CE6 /* Products */,
			);
			sourceTree = "<group>";
		};
		0F362D9D233D9F3000CE2CE6 /* Products */ = {
			isa = PBXGroup;
			children = (
				0F362D9C233D9F3000CE2CE6 /* SlowKit.framework */,
				0F362DA5233D9F3000CE2CE6 /* SlowKitTests.xctest */,
			);
			name = Products;
			sourceTree = "<group>";
		};
		0F362D9E233D9F3000CE2CE6 /* SlowKit */ = {
			isa = PBXGroup;
			children = (
				0F362E88233DADC300CE2CE6 /* Common */,
				0F362E47233DADC300CE2CE6 /* Container */,
				0F362E5B233DADC300CE2CE6 /* MVVM */,
				0F362DA0233D9F3000CE2CE6 /* Info.plist */,
			);
			path = SlowKit;
			sourceTree = "<group>";
		};
		0F362DA9233D9F3000CE2CE6 /* SlowKitTests */ = {
			isa = PBXGroup;
			children = (
				0F362E1E233DA87E00CE2CE6 /* Common */,
				0F362E21233DA87E00CE2CE6 /* Container */,
				0F362E2E233DA87F00CE2CE6 /* MVVM */,
				0F362DAC233D9F3000CE2CE6 /* Info.plist */,
			);
			path = SlowKitTests;
			sourceTree = "<group>";
		};
		0F362E1E233DA87E00CE2CE6 /* Common */ = {
			isa = PBXGroup;
			children = (
				0F362E1F233DA87E00CE2CE6 /* AssociatedObjectsTests.swift */,
				0F362E20233DA87E00CE2CE6 /* EventTests.swift */,
			);
			path = Common;
			sourceTree = "<group>";
		};
		0F362E21233DA87E00CE2CE6 /* Container */ = {
			isa = PBXGroup;
			children = (
				0F362E22233DA87E00CE2CE6 /* Mocks */,
				0F362E25233DA87E00CE2CE6 /* ContainerTests.Events.swift */,
				0F362E26233DA87E00CE2CE6 /* ContainerTests.SimpleResolve.swift */,
				0F362E27233DA87E00CE2CE6 /* ContainerTests.ResolveByName.swift */,
				0F362E28233DA87E00CE2CE6 /* ContainerTests.RegisterAs.swift */,
				0F362E29233DA87E00CE2CE6 /* ContainerTests.Loging.swift */,
				0F362E2A233DA87E00CE2CE6 /* ContainerTests.ContainsAndUnregister.swift */,
				0F362E2B233DA87E00CE2CE6 /* ContainerTests.Shortcuts.swift */,
				0F362E2C233DA87E00CE2CE6 /* ContainerExamples.swift */,
				0F362E2D233DA87F00CE2CE6 /* ContainerTests.Retaining.swift */,
				0F362EC7233DB1AC00CE2CE6 /* ContainerTests.AutoCreate.swift */,
				0F363642233DE5E500CE2CE6 /* ContainerTests.Factory.swift */,
				0F363644233DE97200CE2CE6 /* ContainerTests.Arguments.swift */,
			);
			path = Container;
			sourceTree = "<group>";
		};
		0F362E22233DA87E00CE2CE6 /* Mocks */ = {
			isa = PBXGroup;
			children = (
				0F362E23233DA87E00CE2CE6 /* ContainerTestData.swift */,
				0F362E24233DA87E00CE2CE6 /* LogMock.swift */,
			);
			path = Mocks;
			sourceTree = "<group>";
		};
		0F362E2E233DA87F00CE2CE6 /* MVVM */ = {
			isa = PBXGroup;
			children = (
				0F362E2F233DA87F00CE2CE6 /* TestData */,
				0F362E31233DA87F00CE2CE6 /* CommandsTests.UISegmentedControl.swift */,
				0F362E32233DA87F00CE2CE6 /* CommandsTests.UIButton.swift */,
				0F362E33233DA87F00CE2CE6 /* ViewControllerTests.swift */,
				0F362E34233DA87F00CE2CE6 /* NotificationServiceTests.swift */,
			);
			path = MVVM;
			sourceTree = "<group>";
		};
		0F362E2F233DA87F00CE2CE6 /* TestData */ = {
			isa = PBXGroup;
			children = (
				0F362E30233DA87F00CE2CE6 /* MVVMTestData.swift */,
			);
			path = TestData;
			sourceTree = "<group>";
		};
		0F362E47233DADC300CE2CE6 /* Container */ = {
			isa = PBXGroup;
			children = (
				0F362E53233DADC300CE2CE6 /* Log */,
				0F362E48233DADC300CE2CE6 /* Messages.swift */,
				0F362E49233DADC300CE2CE6 /* IContainer.swift */,
				0F362E4A233DADC300CE2CE6 /* INeedArguments.swift */,
				0F362E4B233DADC300CE2CE6 /* InstanceScope.swift */,
				0F362E4C233DADC300CE2CE6 /* IContainer.Shortcuts.swift */,
				0F362E4D233DADC300CE2CE6 /* ContainerEntryBuilder.swift */,
				0F362E4E233DADC300CE2CE6 /* ContainerEntry.swift */,
				0F362E4F233DADC300CE2CE6 /* Container.swift */,
				0F362E50233DADC300CE2CE6 /* IResolver.swift */,
				0F362E51233DADC300CE2CE6 /* IHaveEmptyInit.swift */,
				0F362E52233DADC300CE2CE6 /* ContainerEntryKey.swift */,
				0F362E58233DADC300CE2CE6 /* IContainerEntry.swift */,
				0F362E59233DADC300CE2CE6 /* IContainerAutoCreate.swift */,
				0F362E5A233DADC300CE2CE6 /* Factory.swift */,
			);
			path = Container;
			sourceTree = "<group>";
		};
		0F362E53233DADC300CE2CE6 /* Log */ = {
			isa = PBXGroup;
			children = (
				0F362E54233DADC300CE2CE6 /* ILog.swift */,
				0F362E55233DADC300CE2CE6 /* Logger.swift */,
				0F362E56233DADC300CE2CE6 /* ConsoleLog.swift */,
				0F362E57233DADC300CE2CE6 /* NilLog.swift */,
			);
			path = Log;
			sourceTree = "<group>";
		};
		0F362E5B233DADC300CE2CE6 /* MVVM */ = {
			isa = PBXGroup;
			children = (
				0F362E62233DADC300CE2CE6 /* Controls */,
				0F362E72233DADC300CE2CE6 /* Commands */,
				0F362E78233DADC300CE2CE6 /* Services */,
				0F362E5C233DADC300CE2CE6 /* IHaveViewModel.swift */,
				0F362E5D233DADC300CE2CE6 /* CellViewModelBase.swift */,
				0F362E5E233DADC300CE2CE6 /* ViewControllerBase.swift */,
				0F362E5F233DADC300CE2CE6 /* ViewModelBase.swift */,
				0F362E60233DADC300CE2CE6 /* IFromXib.swift */,
				0F362E61233DADC300CE2CE6 /* ViewControllerViewModelBase.swift */,
				0F362E77233DADC300CE2CE6 /* TableCellBase.swift */,
				0F362E86233DADC300CE2CE6 /* ViewBase.swift */,
				0F362E87233DADC300CE2CE6 /* CollectionCellBase.swift */,
			);
			path = MVVM;
			sourceTree = "<group>";
		};
		0F362E62233DADC300CE2CE6 /* Controls */ = {
			isa = PBXGroup;
			children = (
				0F362E63233DADC300CE2CE6 /* TableView */,
				0F362E65233DADC300CE2CE6 /* ImageView */,
				0F362E67233DADC300CE2CE6 /* CollectionView */,
				0F362E6D233DADC300CE2CE6 /* Templates */,
				0F362E69233DADC300CE2CE6 /* ICellTemplateSelector.swift */,
				0F362E6A233DADC300CE2CE6 /* DefaultCellTemplateSelector.swift */,
				0F362E6B233DADC300CE2CE6 /* IDataSource.swift */,
				0F362E6C233DADC300CE2CE6 /* BindableCollection.swift */,
			);
			path = Controls;
			sourceTree = "<group>";
		};
		0F362E63233DADC300CE2CE6 /* TableView */ = {
			isa = PBXGroup;
			children = (
				0F362E64233DADC300CE2CE6 /* BindableTableView.swift */,
			);
			path = TableView;
			sourceTree = "<group>";
		};
		0F362E65233DADC300CE2CE6 /* ImageView */ = {
			isa = PBXGroup;
			children = (
				0F362E66233DADC300CE2CE6 /* BindableImageView.swift */,
			);
			path = ImageView;
			sourceTree = "<group>";
		};
		0F362E67233DADC300CE2CE6 /* CollectionView */ = {
			isa = PBXGroup;
			children = (
				0F362E68233DADC300CE2CE6 /* BindableCollectionView.swift */,
			);
			path = CollectionView;
			sourceTree = "<group>";
		};
		0F362E6D233DADC300CE2CE6 /* Templates */ = {
			isa = PBXGroup;
			children = (
				0F362E6E233DADC300CE2CE6 /* AnyCellTemplate.swift */,
				0F362E6F233DADC300CE2CE6 /* CellNibTemplate.swift */,
				0F362E70233DADC300CE2CE6 /* CellClassTemplate.swift */,
				0F362E71233DADC300CE2CE6 /* ICellTemplate.swift */,
			);
			path = Templates;
			sourceTree = "<group>";
		};
		0F362E72233DADC300CE2CE6 /* Commands */ = {
			isa = PBXGroup;
			children = (
				0F362E73233DADC300CE2CE6 /* UIButton.Commands.swift */,
				0F362E74233DADC300CE2CE6 /* ActionToCommandAdapter.swift */,
				0F362E75233DADC300CE2CE6 /* Command.swift */,
				0F362E76233DADC300CE2CE6 /* UISegmentedControl.Commands.swift */,
			);
			path = Commands;
			sourceTree = "<group>";
		};
		0F362E78233DADC300CE2CE6 /* Services */ = {
			isa = PBXGroup;
			children = (
				0F362E79233DADC300CE2CE6 /* PresenterService */,
				0F362E81233DADC300CE2CE6 /* Notifications */,
			);
			path = Services;
			sourceTree = "<group>";
		};
		0F362E79233DADC300CE2CE6 /* PresenterService */ = {
			isa = PBXGroup;
			children = (
				0F362E7A233DADC300CE2CE6 /* IPresenterService.swift */,
				0F362E7B233DADC300CE2CE6 /* PresenterServiceEntry.swift */,
				0F362E7C233DADC300CE2CE6 /* TransitioningDelegate.swift */,
				0F362E7D233DADC300CE2CE6 /* PresenterServiceEntryBuilder.swift */,
				0F362E7E233DADC300CE2CE6 /* IViewControllerTypeSelector.swift */,
				0F362E7F233DADC300CE2CE6 /* ViewControllerDefaultTypeSelector.swift */,
				0F362E80233DADC300CE2CE6 /* PresenterService.swift */,
			);
			path = PresenterService;
			sourceTree = "<group>";
		};
		0F362E81233DADC300CE2CE6 /* Notifications */ = {
			isa = PBXGroup;
			children = (
				0F362E82233DADC300CE2CE6 /* SubscriberEntry.swift */,
				0F362E83233DADC300CE2CE6 /* NotificationService.swift */,
				0F362E84233DADC300CE2CE6 /* ISubscriberEntry.swift */,
				0F362E85233DADC300CE2CE6 /* INotificationService.swift */,
			);
			path = Notifications;
			sourceTree = "<group>";
		};
		0F362E88233DADC300CE2CE6 /* Common */ = {
			isa = PBXGroup;
			children = (
				0F362E8A233DADC300CE2CE6 /* AssociatedObjects */,
				0F362E89233DADC300CE2CE6 /* Event.swift */,
				0F362E8D233DADC300CE2CE6 /* Weak.swift */,
			);
			path = Common;
			sourceTree = "<group>";
		};
		0F362E8A233DADC300CE2CE6 /* AssociatedObjects */ = {
			isa = PBXGroup;
			children = (
				0F362E8B233DADC300CE2CE6 /* AssociationPolicy.swift */,
				0F362E8C233DADC300CE2CE6 /* IHaveAssociatedObject.swift */,
			);
			path = AssociatedObjects;
			sourceTree = "<group>";
		};
/* End PBXGroup section */

/* Begin PBXHeadersBuildPhase section */
		0F362D97233D9F3000CE2CE6 /* Headers */ = {
			isa = PBXHeadersBuildPhase;
			buildActionMask = 2147483647;
			files = (
			);
			runOnlyForDeploymentPostprocessing = 0;
		};
/* End PBXHeadersBuildPhase section */

/* Begin PBXNativeTarget section */
		0F362D9B233D9F3000CE2CE6 /* SlowKit */ = {
			isa = PBXNativeTarget;
			buildConfigurationList = 0F362DB0233D9F3000CE2CE6 /* Build configuration list for PBXNativeTarget "SlowKit" */;
			buildPhases = (
				0F362D97233D9F3000CE2CE6 /* Headers */,
				0F362D98233D9F3000CE2CE6 /* Sources */,
				0F362D99233D9F3000CE2CE6 /* Frameworks */,
				0F362D9A233D9F3000CE2CE6 /* Resources */,
			);
			buildRules = (
			);
			dependencies = (
			);
			name = SlowKit;
			productName = SlowKit;
			productReference = 0F362D9C233D9F3000CE2CE6 /* SlowKit.framework */;
			productType = "com.apple.product-type.framework";
		};
		0F362DA4233D9F3000CE2CE6 /* SlowKitTests */ = {
			isa = PBXNativeTarget;
			buildConfigurationList = 0F362DB3233D9F3000CE2CE6 /* Build configuration list for PBXNativeTarget "SlowKitTests" */;
			buildPhases = (
				0F362DA1233D9F3000CE2CE6 /* Sources */,
				0F362DA2233D9F3000CE2CE6 /* Frameworks */,
				0F362DA3233D9F3000CE2CE6 /* Resources */,
			);
			buildRules = (
			);
			dependencies = (
				0F362DA8233D9F3000CE2CE6 /* PBXTargetDependency */,
			);
			name = SlowKitTests;
			productName = SlowKitTests;
			productReference = 0F362DA5233D9F3000CE2CE6 /* SlowKitTests.xctest */;
			productType = "com.apple.product-type.bundle.unit-test";
		};
/* End PBXNativeTarget section */

/* Begin PBXProject section */
		0F362D93233D9F3000CE2CE6 /* Project object */ = {
			isa = PBXProject;
			attributes = {
				LastSwiftUpdateCheck = 1100;
				LastUpgradeCheck = 1100;
				ORGANIZATIONNAME = "Alexander Volokhin";
				TargetAttributes = {
					0F362D9B233D9F3000CE2CE6 = {
						CreatedOnToolsVersion = 11.0;
					};
					0F362DA4233D9F3000CE2CE6 = {
						CreatedOnToolsVersion = 11.0;
					};
				};
			};
			buildConfigurationList = 0F362D96233D9F3000CE2CE6 /* Build configuration list for PBXProject "SlowKit" */;
			compatibilityVersion = "Xcode 9.3";
			developmentRegion = en;
			hasScannedForEncodings = 0;
			knownRegions = (
				en,
				Base,
			);
			mainGroup = 0F362D92233D9F3000CE2CE6;
			productRefGroup = 0F362D9D233D9F3000CE2CE6 /* Products */;
			projectDirPath = "";
			projectRoot = "";
			targets = (
				0F362D9B233D9F3000CE2CE6 /* SlowKit */,
				0F362DA4233D9F3000CE2CE6 /* SlowKitTests */,
			);
		};
/* End PBXProject section */

/* Begin PBXResourcesBuildPhase section */
		0F362D9A233D9F3000CE2CE6 /* Resources */ = {
			isa = PBXResourcesBuildPhase;
			buildActionMask = 2147483647;
			files = (
			);
			runOnlyForDeploymentPostprocessing = 0;
		};
		0F362DA3233D9F3000CE2CE6 /* Resources */ = {
			isa = PBXResourcesBuildPhase;
			buildActionMask = 2147483647;
			files = (
			);
			runOnlyForDeploymentPostprocessing = 0;
		};
/* End PBXResourcesBuildPhase section */

/* Begin PBXSourcesBuildPhase section */
		0F362D98233D9F3000CE2CE6 /* Sources */ = {
			isa = PBXSourcesBuildPhase;
			buildActionMask = 2147483647;
			files = (
				0F362E90233DADC300CE2CE6 /* INeedArguments.swift in Sources */,
				0F362E91233DADC300CE2CE6 /* InstanceScope.swift in Sources */,
				0F362EC6233DADC400CE2CE6 /* Weak.swift in Sources */,
				0F362EBA233DADC400CE2CE6 /* IViewControllerTypeSelector.swift in Sources */,
				0F362E98233DADC300CE2CE6 /* ContainerEntryKey.swift in Sources */,
				0F362EA8233DADC300CE2CE6 /* BindableCollectionView.swift in Sources */,
				0F362EA2233DADC300CE2CE6 /* ViewControllerBase.swift in Sources */,
				0F362EC2233DADC400CE2CE6 /* CollectionCellBase.swift in Sources */,
				0F362E8E233DADC300CE2CE6 /* Messages.swift in Sources */,
				0F362EA7233DADC300CE2CE6 /* BindableImageView.swift in Sources */,
				0F362E99233DADC300CE2CE6 /* ILog.swift in Sources */,
				0F362EC3233DADC400CE2CE6 /* Event.swift in Sources */,
				0F362EAF233DADC300CE2CE6 /* CellClassTemplate.swift in Sources */,
				0F362E94233DADC300CE2CE6 /* ContainerEntry.swift in Sources */,
				0F362EBB233DADC400CE2CE6 /* ViewControllerDefaultTypeSelector.swift in Sources */,
				0F362E9B233DADC300CE2CE6 /* ConsoleLog.swift in Sources */,
				0F362E92233DADC300CE2CE6 /* IContainer.Shortcuts.swift in Sources */,
				0F362EB1233DADC300CE2CE6 /* UIButton.Commands.swift in Sources */,
				0F362EB7233DADC400CE2CE6 /* PresenterServiceEntry.swift in Sources */,
				0F362EC5233DADC400CE2CE6 /* IHaveAssociatedObject.swift in Sources */,
				0F362E97233DADC300CE2CE6 /* IHaveEmptyInit.swift in Sources */,
				0F362E9E233DADC300CE2CE6 /* IContainerAutoCreate.swift in Sources */,
				0F362EB3233DADC400CE2CE6 /* Command.swift in Sources */,
				0F362EA3233DADC300CE2CE6 /* ViewModelBase.swift in Sources */,
				0F362EC4233DADC400CE2CE6 /* AssociationPolicy.swift in Sources */,
				0F362EB2233DADC400CE2CE6 /* ActionToCommandAdapter.swift in Sources */,
				0F362EB9233DADC400CE2CE6 /* PresenterServiceEntryBuilder.swift in Sources */,
				0F362E95233DADC300CE2CE6 /* Container.swift in Sources */,
				0F362EBE233DADC400CE2CE6 /* NotificationService.swift in Sources */,
				0F362E9A233DADC300CE2CE6 /* Logger.swift in Sources */,
				0F362E93233DADC300CE2CE6 /* ContainerEntryBuilder.swift in Sources */,
				0F362EB4233DADC400CE2CE6 /* UISegmentedControl.Commands.swift in Sources */,
				0F362EAC233DADC300CE2CE6 /* BindableCollection.swift in Sources */,
				0F362EB8233DADC400CE2CE6 /* TransitioningDelegate.swift in Sources */,
				0F362EAE233DADC300CE2CE6 /* CellNibTemplate.swift in Sources */,
				0F362EA4233DADC300CE2CE6 /* IFromXib.swift in Sources */,
				0F362EB5233DADC400CE2CE6 /* TableCellBase.swift in Sources */,
				0F362EA1233DADC300CE2CE6 /* CellViewModelBase.swift in Sources */,
				0F362EAD233DADC300CE2CE6 /* AnyCellTemplate.swift in Sources */,
				0F362EBF233DADC400CE2CE6 /* ISubscriberEntry.swift in Sources */,
				0F362E96233DADC300CE2CE6 /* IResolver.swift in Sources */,
				0F362EAB233DADC300CE2CE6 /* IDataSource.swift in Sources */,
				0F362EA9233DADC300CE2CE6 /* ICellTemplateSelector.swift in Sources */,
				0F362E9F233DADC300CE2CE6 /* Factory.swift in Sources */,
				0F362E9C233DADC300CE2CE6 /* NilLog.swift in Sources */,
				0F362EBD233DADC400CE2CE6 /* SubscriberEntry.swift in Sources */,
				0F362EB6233DADC400CE2CE6 /* IPresenterService.swift in Sources */,
				0F362E9D233DADC300CE2CE6 /* IContainerEntry.swift in Sources */,
				0F362EC1233DADC400CE2CE6 /* ViewBase.swift in Sources */,
				0F362E8F233DADC300CE2CE6 /* IContainer.swift in Sources */,
				0F362EC0233DADC400CE2CE6 /* INotificationService.swift in Sources */,
				0F362EA5233DADC300CE2CE6 /* ViewControllerViewModelBase.swift in Sources */,
				0F362EB0233DADC300CE2CE6 /* ICellTemplate.swift in Sources */,
				0F362EA6233DADC300CE2CE6 /* BindableTableView.swift in Sources */,
				0F362EA0233DADC300CE2CE6 /* IHaveViewModel.swift in Sources */,
				0F362EBC233DADC400CE2CE6 /* PresenterService.swift in Sources */,
				0F362EAA233DADC300CE2CE6 /* DefaultCellTemplateSelector.swift in Sources */,
			);
			runOnlyForDeploymentPostprocessing = 0;
		};
		0F362DA1233D9F3000CE2CE6 /* Sources */ = {
			isa = PBXSourcesBuildPhase;
			buildActionMask = 2147483647;
			files = (
				0F362E39233DA87F00CE2CE6 /* ContainerTests.Events.swift in Sources */,
				0F362E3B233DA87F00CE2CE6 /* ContainerTests.ResolveByName.swift in Sources */,
				0F362E38233DA87F00CE2CE6 /* LogMock.swift in Sources */,
				0F363643233DE5E500CE2CE6 /* ContainerTests.Factory.swift in Sources */,
				0F362E36233DA87F00CE2CE6 /* EventTests.swift in Sources */,
				0F362E44233DA87F00CE2CE6 /* CommandsTests.UIButton.swift in Sources */,
				0F362E3A233DA87F00CE2CE6 /* ContainerTests.SimpleResolve.swift in Sources */,
				0F362E46233DA87F00CE2CE6 /* NotificationServiceTests.swift in Sources */,
				0F362E3D233DA87F00CE2CE6 /* ContainerTests.Loging.swift in Sources */,
				0F362EC8233DB1AC00CE2CE6 /* ContainerTests.AutoCreate.swift in Sources */,
				0F362E43233DA87F00CE2CE6 /* CommandsTests.UISegmentedControl.swift in Sources */,
				0F362E35233DA87F00CE2CE6 /* AssociatedObjectsTests.swift in Sources */,
				0F362E41233DA87F00CE2CE6 /* ContainerTests.Retaining.swift in Sources */,
				0F362E37233DA87F00CE2CE6 /* ContainerTestData.swift in Sources */,
				0F362E45233DA87F00CE2CE6 /* ViewControllerTests.swift in Sources */,
				0F362E42233DA87F00CE2CE6 /* MVVMTestData.swift in Sources */,
				0F362E40233DA87F00CE2CE6 /* ContainerExamples.swift in Sources */,
				0F362E3C233DA87F00CE2CE6 /* ContainerTests.RegisterAs.swift in Sources */,
				0F362E3E233DA87F00CE2CE6 /* ContainerTests.ContainsAndUnregister.swift in Sources */,
				0F362E3F233DA87F00CE2CE6 /* ContainerTests.Shortcuts.swift in Sources */,
				0F363645233DE97200CE2CE6 /* ContainerTests.Arguments.swift in Sources */,
			);
			runOnlyForDeploymentPostprocessing = 0;
		};
/* End PBXSourcesBuildPhase section */

/* Begin PBXTargetDependency section */
		0F362DA8233D9F3000CE2CE6 /* PBXTargetDependency */ = {
			isa = PBXTargetDependency;
			target = 0F362D9B233D9F3000CE2CE6 /* SlowKit */;
			targetProxy = 0F362DA7233D9F3000CE2CE6 /* PBXContainerItemProxy */;
		};
/* End PBXTargetDependency section */

/* Begin XCBuildConfiguration section */
		0F362DAE233D9F3000CE2CE6 /* Debug */ = {
			isa = XCBuildConfiguration;
			buildSettings = {
				ALWAYS_SEARCH_USER_PATHS = NO;
				CLANG_ANALYZER_NONNULL = YES;
				CLANG_ANALYZER_NUMBER_OBJECT_CONVERSION = YES_AGGRESSIVE;
				CLANG_CXX_LANGUAGE_STANDARD = "gnu++14";
				CLANG_CXX_LIBRARY = "libc++";
				CLANG_ENABLE_MODULES = YES;
				CLANG_ENABLE_OBJC_ARC = YES;
				CLANG_ENABLE_OBJC_WEAK = YES;
				CLANG_WARN_BLOCK_CAPTURE_AUTORELEASING = YES;
				CLANG_WARN_BOOL_CONVERSION = YES;
				CLANG_WARN_COMMA = YES;
				CLANG_WARN_CONSTANT_CONVERSION = YES;
				CLANG_WARN_DEPRECATED_OBJC_IMPLEMENTATIONS = YES;
				CLANG_WARN_DIRECT_OBJC_ISA_USAGE = YES_ERROR;
				CLANG_WARN_DOCUMENTATION_COMMENTS = YES;
				CLANG_WARN_EMPTY_BODY = YES;
				CLANG_WARN_ENUM_CONVERSION = YES;
				CLANG_WARN_INFINITE_RECURSION = YES;
				CLANG_WARN_INT_CONVERSION = YES;
				CLANG_WARN_NON_LITERAL_NULL_CONVERSION = YES;
				CLANG_WARN_OBJC_IMPLICIT_RETAIN_SELF = YES;
				CLANG_WARN_OBJC_LITERAL_CONVERSION = YES;
				CLANG_WARN_OBJC_ROOT_CLASS = YES_ERROR;
				CLANG_WARN_RANGE_LOOP_ANALYSIS = YES;
				CLANG_WARN_STRICT_PROTOTYPES = YES;
				CLANG_WARN_SUSPICIOUS_MOVE = YES;
				CLANG_WARN_UNGUARDED_AVAILABILITY = YES_AGGRESSIVE;
				CLANG_WARN_UNREACHABLE_CODE = YES;
				CLANG_WARN__DUPLICATE_METHOD_MATCH = YES;
				COPY_PHASE_STRIP = NO;
				CURRENT_PROJECT_VERSION = 1;
				DEBUG_INFORMATION_FORMAT = dwarf;
				ENABLE_STRICT_OBJC_MSGSEND = YES;
				ENABLE_TESTABILITY = YES;
				GCC_C_LANGUAGE_STANDARD = gnu11;
				GCC_DYNAMIC_NO_PIC = NO;
				GCC_NO_COMMON_BLOCKS = YES;
				GCC_OPTIMIZATION_LEVEL = 0;
				GCC_PREPROCESSOR_DEFINITIONS = (
					"DEBUG=1",
					"$(inherited)",
				);
				GCC_WARN_64_TO_32_BIT_CONVERSION = YES;
				GCC_WARN_ABOUT_RETURN_TYPE = YES_ERROR;
				GCC_WARN_UNDECLARED_SELECTOR = YES;
				GCC_WARN_UNINITIALIZED_AUTOS = YES_AGGRESSIVE;
				GCC_WARN_UNUSED_FUNCTION = YES;
				GCC_WARN_UNUSED_VARIABLE = YES;
				IPHONEOS_DEPLOYMENT_TARGET = 13.0;
				MTL_ENABLE_DEBUG_INFO = INCLUDE_SOURCE;
				MTL_FAST_MATH = YES;
				ONLY_ACTIVE_ARCH = YES;
				SDKROOT = iphoneos;
				SWIFT_ACTIVE_COMPILATION_CONDITIONS = DEBUG;
				SWIFT_OPTIMIZATION_LEVEL = "-Onone";
				VERSIONING_SYSTEM = "apple-generic";
				VERSION_INFO_PREFIX = "";
			};
			name = Debug;
		};
		0F362DAF233D9F3000CE2CE6 /* Release */ = {
			isa = XCBuildConfiguration;
			buildSettings = {
				ALWAYS_SEARCH_USER_PATHS = NO;
				CLANG_ANALYZER_NONNULL = YES;
				CLANG_ANALYZER_NUMBER_OBJECT_CONVERSION = YES_AGGRESSIVE;
				CLANG_CXX_LANGUAGE_STANDARD = "gnu++14";
				CLANG_CXX_LIBRARY = "libc++";
				CLANG_ENABLE_MODULES = YES;
				CLANG_ENABLE_OBJC_ARC = YES;
				CLANG_ENABLE_OBJC_WEAK = YES;
				CLANG_WARN_BLOCK_CAPTURE_AUTORELEASING = YES;
				CLANG_WARN_BOOL_CONVERSION = YES;
				CLANG_WARN_COMMA = YES;
				CLANG_WARN_CONSTANT_CONVERSION = YES;
				CLANG_WARN_DEPRECATED_OBJC_IMPLEMENTATIONS = YES;
				CLANG_WARN_DIRECT_OBJC_ISA_USAGE = YES_ERROR;
				CLANG_WARN_DOCUMENTATION_COMMENTS = YES;
				CLANG_WARN_EMPTY_BODY = YES;
				CLANG_WARN_ENUM_CONVERSION = YES;
				CLANG_WARN_INFINITE_RECURSION = YES;
				CLANG_WARN_INT_CONVERSION = YES;
				CLANG_WARN_NON_LITERAL_NULL_CONVERSION = YES;
				CLANG_WARN_OBJC_IMPLICIT_RETAIN_SELF = YES;
				CLANG_WARN_OBJC_LITERAL_CONVERSION = YES;
				CLANG_WARN_OBJC_ROOT_CLASS = YES_ERROR;
				CLANG_WARN_RANGE_LOOP_ANALYSIS = YES;
				CLANG_WARN_STRICT_PROTOTYPES = YES;
				CLANG_WARN_SUSPICIOUS_MOVE = YES;
				CLANG_WARN_UNGUARDED_AVAILABILITY = YES_AGGRESSIVE;
				CLANG_WARN_UNREACHABLE_CODE = YES;
				CLANG_WARN__DUPLICATE_METHOD_MATCH = YES;
				COPY_PHASE_STRIP = NO;
				CURRENT_PROJECT_VERSION = 1;
				DEBUG_INFORMATION_FORMAT = "dwarf-with-dsym";
				ENABLE_NS_ASSERTIONS = NO;
				ENABLE_STRICT_OBJC_MSGSEND = YES;
				GCC_C_LANGUAGE_STANDARD = gnu11;
				GCC_NO_COMMON_BLOCKS = YES;
				GCC_WARN_64_TO_32_BIT_CONVERSION = YES;
				GCC_WARN_ABOUT_RETURN_TYPE = YES_ERROR;
				GCC_WARN_UNDECLARED_SELECTOR = YES;
				GCC_WARN_UNINITIALIZED_AUTOS = YES_AGGRESSIVE;
				GCC_WARN_UNUSED_FUNCTION = YES;
				GCC_WARN_UNUSED_VARIABLE = YES;
				IPHONEOS_DEPLOYMENT_TARGET = 13.0;
				MTL_ENABLE_DEBUG_INFO = NO;
				MTL_FAST_MATH = YES;
				SDKROOT = iphoneos;
				SWIFT_COMPILATION_MODE = wholemodule;
				SWIFT_OPTIMIZATION_LEVEL = "-O";
				VALIDATE_PRODUCT = YES;
				VERSIONING_SYSTEM = "apple-generic";
				VERSION_INFO_PREFIX = "";
			};
			name = Release;
		};
		0F362DB1233D9F3000CE2CE6 /* Debug */ = {
			isa = XCBuildConfiguration;
			buildSettings = {
				CODE_SIGN_STYLE = Automatic;
				DEFINES_MODULE = YES;
				DEVELOPMENT_TEAM = 3E2BV6MQLC;
				DYLIB_COMPATIBILITY_VERSION = 1;
				DYLIB_CURRENT_VERSION = 1;
				DYLIB_INSTALL_NAME_BASE = "@rpath";
				INFOPLIST_FILE = SlowKit/Info.plist;
				INSTALL_PATH = "$(LOCAL_LIBRARY_DIR)/Frameworks";
				IPHONEOS_DEPLOYMENT_TARGET = 9.0;
				LD_RUNPATH_SEARCH_PATHS = (
					"$(inherited)",
					"@executable_path/Frameworks",
					"@loader_path/Frameworks",
				);
				PRODUCT_BUNDLE_IDENTIFIER = com.alexander.volokhin.SlowKit;
				PRODUCT_NAME = "$(TARGET_NAME:c99extidentifier)";
				SKIP_INSTALL = YES;
				SUPPORTS_MACCATALYST = NO;
				SWIFT_VERSION = 5.0;
				TARGETED_DEVICE_FAMILY = "1,2";
			};
			name = Debug;
		};
		0F362DB2233D9F3000CE2CE6 /* Release */ = {
			isa = XCBuildConfiguration;
			buildSettings = {
				CODE_SIGN_STYLE = Automatic;
				DEFINES_MODULE = YES;
				DEVELOPMENT_TEAM = 3E2BV6MQLC;
				DYLIB_COMPATIBILITY_VERSION = 1;
				DYLIB_CURRENT_VERSION = 1;
				DYLIB_INSTALL_NAME_BASE = "@rpath";
				INFOPLIST_FILE = SlowKit/Info.plist;
				INSTALL_PATH = "$(LOCAL_LIBRARY_DIR)/Frameworks";
				IPHONEOS_DEPLOYMENT_TARGET = 9.0;
				LD_RUNPATH_SEARCH_PATHS = (
					"$(inherited)",
					"@executable_path/Frameworks",
					"@loader_path/Frameworks",
				);
				PRODUCT_BUNDLE_IDENTIFIER = com.alexander.volokhin.SlowKit;
				PRODUCT_NAME = "$(TARGET_NAME:c99extidentifier)";
				SKIP_INSTALL = YES;
				SUPPORTS_MACCATALYST = NO;
				SWIFT_VERSION = 5.0;
				TARGETED_DEVICE_FAMILY = "1,2";
			};
			name = Release;
		};
		0F362DB4233D9F3000CE2CE6 /* Debug */ = {
			isa = XCBuildConfiguration;
			buildSettings = {
				ALWAYS_EMBED_SWIFT_STANDARD_LIBRARIES = YES;
				CODE_SIGN_STYLE = Automatic;
				DEVELOPMENT_TEAM = 3E2BV6MQLC;
				INFOPLIST_FILE = SlowKitTests/Info.plist;
				LD_RUNPATH_SEARCH_PATHS = (
					"$(inherited)",
					"@executable_path/Frameworks",
					"@loader_path/Frameworks",
				);
				PRODUCT_BUNDLE_IDENTIFIER = com.alexander.volokhin.SlowKitTests;
				PRODUCT_NAME = "$(TARGET_NAME)";
				SWIFT_VERSION = 5.0;
				TARGETED_DEVICE_FAMILY = "1,2";
			};
			name = Debug;
		};
		0F362DB5233D9F3000CE2CE6 /* Release */ = {
			isa = XCBuildConfiguration;
			buildSettings = {
				ALWAYS_EMBED_SWIFT_STANDARD_LIBRARIES = YES;
				CODE_SIGN_STYLE = Automatic;
				DEVELOPMENT_TEAM = 3E2BV6MQLC;
				INFOPLIST_FILE = SlowKitTests/Info.plist;
				LD_RUNPATH_SEARCH_PATHS = (
					"$(inherited)",
					"@executable_path/Frameworks",
					"@loader_path/Frameworks",
				);
				PRODUCT_BUNDLE_IDENTIFIER = com.alexander.volokhin.SlowKitTests;
				PRODUCT_NAME = "$(TARGET_NAME)";
				SWIFT_VERSION = 5.0;
				TARGETED_DEVICE_FAMILY = "1,2";
			};
			name = Release;
		};
/* End XCBuildConfiguration section */

/* Begin XCConfigurationList section */
		0F362D96233D9F3000CE2CE6 /* Build configuration list for PBXProject "SlowKit" */ = {
			isa = XCConfigurationList;
			buildConfigurations = (
				0F362DAE233D9F3000CE2CE6 /* Debug */,
				0F362DAF233D9F3000CE2CE6 /* Release */,
			);
			defaultConfigurationIsVisible = 0;
			defaultConfigurationName = Release;
		};
		0F362DB0233D9F3000CE2CE6 /* Build configuration list for PBXNativeTarget "SlowKit" */ = {
			isa = XCConfigurationList;
			buildConfigurations = (
				0F362DB1233D9F3000CE2CE6 /* Debug */,
				0F362DB2233D9F3000CE2CE6 /* Release */,
			);
			defaultConfigurationIsVisible = 0;
			defaultConfigurationName = Release;
		};
		0F362DB3233D9F3000CE2CE6 /* Build configuration list for PBXNativeTarget "SlowKitTests" */ = {
			isa = XCConfigurationList;
			buildConfigurations = (
				0F362DB4233D9F3000CE2CE6 /* Debug */,
				0F362DB5233D9F3000CE2CE6 /* Release */,
			);
			defaultConfigurationIsVisible = 0;
			defaultConfigurationName = Release;
		};
/* End XCConfigurationList section */
	};
	rootObject = 0F362D93233D9F3000CE2CE6 /* Project object */;
}
